
Microsoft Visual Studio Solution File, Format Version 12.00
# Visual Studio Version 16
VisualStudioVersion = 16.0.32106.194
MinimumVisualStudioVersion = 10.0.40219.1
Project("{FAE04EC0-301F-11D3-BF4B-00C04F79EFBC}") = "apiFutbolistas", "apiFutbolistas\apiFutbolistas.csproj", "{5ECCEFF7-76ED-43AF-95E1-889E083B431B}"
EndProject
Global
	GlobalSection(SolutionConfigurationPlatforms) = preSolution
		Debug|Any CPU = Debug|Any CPU
		Release|Any CPU = Release|Any CPU
	EndGlobalSection
	GlobalSection(ProjectConfigurationPlatforms) = postSolution
		{5ECCEFF7-76ED-43AF-95E1-889E083B431B}.Debug|Any CPU.ActiveCfg = Debug|Any CPU
		{5ECCEFF7-76ED-43AF-95E1-889E083B431B}.Debug|Any CPU.Build.0 = Debug|Any CPU
		{5ECCEFF7-76ED-43AF-95E1-889E083B431B}.Release|Any CPU.ActiveCfg = Release|Any CPU
		{5ECCEFF7-76ED-43AF-95E1-889E083B431B}.Release|Any CPU.Build.0 = Release|Any CPU
	EndGlobalSection
	GlobalSection(SolutionProperties) = preSolution
		HideSolutionNode = FALSE
	EndGlobalSection
	GlobalSection(ExtensibilityGlobals) = postSolution
		SolutionGuid = {38BF896F-2785-4F76-9B01-3772BC8C6F80}
	EndGlobalSection
EndGlobal
